
Microsoft Visual Studio Solution File, Format Version 12.00
# Visual Studio Version 17
VisualStudioVersion = 17.9.34728.123
MinimumVisualStudioVersion = 10.0.40219.1
Project("{2150E333-8FDC-42A3-9474-1A3956D46DE8}") = "Tests", "Tests", "{E05E198F-5F96-4B6D-9AF4-94E0EE40068E}"
EndProject
Project("{2150E333-8FDC-42A3-9474-1A3956D46DE8}") = "Src", "Src", "{6CEB6E3A-9D7C-43C1-8170-E558F45FD990}"
EndProject
Project("{2150E333-8FDC-42A3-9474-1A3956D46DE8}") = "Core", "Core", "{91EBC55B-1EE6-4257-BFA8-8CF9785E71A1}"
EndProject
Project("{2150E333-8FDC-42A3-9474-1A3956D46DE8}") = "Infrastructures", "Infrastructures", "{280F1847-356A-40AA-9081-CCD792EDE89F}"
EndProject
Project("{2150E333-8FDC-42A3-9474-1A3956D46DE8}") = "Presentation", "Presentation", "{1DB4436E-1B7D-4DF4-A1B6-57A8D3B5BDC0}"
EndProject
Project("{FAE04EC0-301F-11D3-BF4B-00C04F79EFBC}") = "Application", "Application\Application.csproj", "{0895F7A8-83ED-4FF5-A7EE-8E315257465F}"
EndProject
Project("{FAE04EC0-301F-11D3-BF4B-00C04F79EFBC}") = "Domain", "Domain\Domain.csproj", "{630DC8B2-C97F-473E-AB2C-EA561B305267}"
EndProject
Project("{FAE04EC0-301F-11D3-BF4B-00C04F79EFBC}") = "Persistence", "Persistence\Persistence.csproj", "{8DA1A906-6BBA-44EC-AE52-D90BEF731E7B}"
EndProject
Project("{FAE04EC0-301F-11D3-BF4B-00C04F79EFBC}") = "Infrastructure", "Infrastructure\Infrastructure.csproj", "{031836B8-02DF-47A4-8E0B-46162A74B025}"
EndProject
Project("{FAE04EC0-301F-11D3-BF4B-00C04F79EFBC}") = "WebSite.EndPoint", "WebSite.EndPoint\WebSite.EndPoint.csproj", "{3811D19A-5A49-4B06-B6C5-EB7C5779F7EE}"
EndProject
Global
	GlobalSection(SolutionConfigurationPlatforms) = preSolution
		Debug|Any CPU = Debug|Any CPU
		Release|Any CPU = Release|Any CPU
	EndGlobalSection
	GlobalSection(ProjectConfigurationPlatforms) = postSolution
		{0895F7A8-83ED-4FF5-A7EE-8E315257465F}.Debug|Any CPU.ActiveCfg = Debug|Any CPU
		{0895F7A8-83ED-4FF5-A7EE-8E315257465F}.Debug|Any CPU.Build.0 = Debug|Any CPU
		{0895F7A8-83ED-4FF5-A7EE-8E315257465F}.Release|Any CPU.ActiveCfg = Release|Any CPU
		{0895F7A8-83ED-4FF5-A7EE-8E315257465F}.Release|Any CPU.Build.0 = Release|Any CPU
		{630DC8B2-C97F-473E-AB2C-EA561B305267}.Debug|Any CPU.ActiveCfg = Debug|Any CPU
		{630DC8B2-C97F-473E-AB2C-EA561B305267}.Debug|Any CPU.Build.0 = Debug|Any CPU
		{630DC8B2-C97F-473E-AB2C-EA561B305267}.Release|Any CPU.ActiveCfg = Release|Any CPU
		{630DC8B2-C97F-473E-AB2C-EA561B305267}.Release|Any CPU.Build.0 = Release|Any CPU
		{8DA1A906-6BBA-44EC-AE52-D90BEF731E7B}.Debug|Any CPU.ActiveCfg = Debug|Any CPU
		{8DA1A906-6BBA-44EC-AE52-D90BEF731E7B}.Debug|Any CPU.Build.0 = Debug|Any CPU
		{8DA1A906-6BBA-44EC-AE52-D90BEF731E7B}.Release|Any CPU.ActiveCfg = Release|Any CPU
		{8DA1A906-6BBA-44EC-AE52-D90BEF731E7B}.Release|Any CPU.Build.0 = Release|Any CPU
		{031836B8-02DF-47A4-8E0B-46162A74B025}.Debug|Any CPU.ActiveCfg = Debug|Any CPU
		{031836B8-02DF-47A4-8E0B-46162A74B025}.Debug|Any CPU.Build.0 = Debug|Any CPU
		{031836B8-02DF-47A4-8E0B-46162A74B025}.Release|Any CPU.ActiveCfg = Release|Any CPU
		{031836B8-02DF-47A4-8E0B-46162A74B025}.Release|Any CPU.Build.0 = Release|Any CPU
		{3811D19A-5A49-4B06-B6C5-EB7C5779F7EE}.Debug|Any CPU.ActiveCfg = Debug|Any CPU
		{3811D19A-5A49-4B06-B6C5-EB7C5779F7EE}.Debug|Any CPU.Build.0 = Debug|Any CPU
		{3811D19A-5A49-4B06-B6C5-EB7C5779F7EE}.Release|Any CPU.ActiveCfg = Release|Any CPU
		{3811D19A-5A49-4B06-B6C5-EB7C5779F7EE}.Release|Any CPU.Build.0 = Release|Any CPU
	EndGlobalSection
	GlobalSection(SolutionProperties) = preSolution
		HideSolutionNode = FALSE
	EndGlobalSection
	GlobalSection(NestedProjects) = preSolution
		{91EBC55B-1EE6-4257-BFA8-8CF9785E71A1} = {6CEB6E3A-9D7C-43C1-8170-E558F45FD990}
		{280F1847-356A-40AA-9081-CCD792EDE89F} = {6CEB6E3A-9D7C-43C1-8170-E558F45FD990}
		{1DB4436E-1B7D-4DF4-A1B6-57A8D3B5BDC0} = {6CEB6E3A-9D7C-43C1-8170-E558F45FD990}
		{0895F7A8-83ED-4FF5-A7EE-8E315257465F} = {91EBC55B-1EE6-4257-BFA8-8CF9785E71A1}
		{630DC8B2-C97F-473E-AB2C-EA561B305267} = {91EBC55B-1EE6-4257-BFA8-8CF9785E71A1}
		{8DA1A906-6BBA-44EC-AE52-D90BEF731E7B} = {280F1847-356A-40AA-9081-CCD792EDE89F}
		{031836B8-02DF-47A4-8E0B-46162A74B025} = {280F1847-356A-40AA-9081-CCD792EDE89F}
		{3811D19A-5A49-4B06-B6C5-EB7C5779F7EE} = {1DB4436E-1B7D-4DF4-A1B6-57A8D3B5BDC0}
	EndGlobalSection
	GlobalSection(ExtensibilityGlobals) = postSolution
		SolutionGuid = {0AB213C9-4EE3-4607-B88A-7C0CBBA770B1}
	EndGlobalSection
EndGlobal
